{
    "_readme": [
        "This file locks the dependencies of your project to a known state",
        "Read more about it at https://getcomposer.org/doc/01-basic-usage.md#installing-dependencies",
        "This file is @generated automatically"
    ],
    "content-hash": "5baa0407f58a4b6f752676eaeed5ff42",
    "packages": [
        {
            "name": "bshaffer/oauth2-server-php",
            "version": "v1.11.1",
            "source": {
                "type": "git",
                "url": "https://github.com/bshaffer/oauth2-server-php.git",
                "reference": "5a0c8000d4763b276919e2106f54eddda6bc50fa"
            },
            "dist": {
                "type": "zip",
                "url": "https://api.github.com/repos/bshaffer/oauth2-server-php/zipball/5a0c8000d4763b276919e2106f54eddda6bc50fa",
                "reference": "5a0c8000d4763b276919e2106f54eddda6bc50fa",
                "shasum": "",
                "mirrors": [
                    {
                        "url": "https://mirrors.aliyun.com/composer/dists/%package%/%reference%.%type%",
                        "preferred": true
                    }
                ]
            },
            "require": {
                "php": ">=5.3.9"
            },
            "require-dev": {
                "aws/aws-sdk-php": "~2.8",
                "firebase/php-jwt": "~2.2",
                "mongodb/mongodb": "^1.1",
                "phpunit/phpunit": "^4.0",
                "predis/predis": "dev-master",
                "thobbs/phpcassa": "dev-master"
            },
            "suggest": {
                "aws/aws-sdk-php": "~2.8 is required to use DynamoDB storage",
                "firebase/php-jwt": "~2.2 is required to use JWT features",
                "mongodb/mongodb": "^1.1 is required to use MongoDB storage",
                "predis/predis": "Required to use Redis storage",
                "thobbs/phpcassa": "Required to use Cassandra storage"
            },
            "type": "library",
            "autoload": {
                "psr-0": {
                    "OAuth2": "src/"
                }
            },
            "notification-url": "https://packagist.org/downloads/",
            "license": [
                "MIT"
            ],
            "authors": [
                {
                    "name": "Brent Shaffer",
                    "email": "bshafs@gmail.com",
                    "homepage": "http://brentertainment.com"
                }
            ],
            "description": "OAuth2 Server for PHP",
            "homepage": "http://github.com/bshaffer/oauth2-server-php",
            "keywords": [
                "auth",
                "oauth",
                "oauth2"
            ],
            "time": "2018-12-04T00:29:32+00:00"
        },
        {
            "name": "topthink/framework",
            "version": "v5.1.38.1",
            "source": {
                "type": "git",
                "url": "https://github.com/top-think/framework.git",
                "reference": "12d15c29d5d6a972fc8bfc8db005d64d4786028c"
            },
            "dist": {
                "type": "zip",
                "url": "https://api.github.com/repos/top-think/framework/zipball/12d15c29d5d6a972fc8bfc8db005d64d4786028c",
                "reference": "12d15c29d5d6a972fc8bfc8db005d64d4786028c",
                "shasum": "",
                "mirrors": [
                    {
                        "url": "https://mirrors.aliyun.com/composer/dists/%package%/%reference%.%type%",
                        "preferred": true
                    }
                ]
            },
            "require": {
                "php": ">=5.6.0",
                "topthink/think-installer": "2.*"
            },
            "require-dev": {
                "johnkary/phpunit-speedtrap": "^1.0",
                "mikey179/vfsstream": "~1.6",
                "phpdocumentor/reflection-docblock": "^2.0",
                "phploc/phploc": "2.*",
                "phpunit/phpunit": "^5.0|^6.0",
                "sebastian/phpcpd": "2.*",
                "squizlabs/php_codesniffer": "2.*"
            },
            "type": "think-framework",
            "notification-url": "https://packagist.org/downloads/",
            "license": [
                "Apache-2.0"
            ],
            "authors": [
                {
                    "name": "liu21st",
                    "email": "liu21st@gmail.com"
                },
                {
                    "name": "yunwuxin",
                    "email": "448901948@qq.com"
                }
            ],
            "description": "the new thinkphp framework",
            "homepage": "http://thinkphp.cn/",
            "keywords": [
                "framework",
                "orm",
                "thinkphp"
            ],
            "time": "2019-08-12T00:58:30+00:00"
        },
        {
            "name": "topthink/think-installer",
            "version": "v2.0.0",
            "source": {
                "type": "git",
                "url": "https://github.com/top-think/think-installer.git",
                "reference": "f5400a12c60e513911aef41fe443fa6920952675"
            },
            "dist": {
                "type": "zip",
                "url": "https://api.github.com/repos/top-think/think-installer/zipball/f5400a12c60e513911aef41fe443fa6920952675",
                "reference": "f5400a12c60e513911aef41fe443fa6920952675",
                "shasum": "",
                "mirrors": [
                    {
                        "url": "https://mirrors.aliyun.com/composer/dists/%package%/%reference%.%type%",
                        "preferred": true
                    }
                ]
            },
            "require": {
                "composer-plugin-api": "^1.0"
            },
            "require-dev": {
                "composer/composer": "1.0.*@dev"
            },
            "type": "composer-plugin",
            "extra": {
                "class": "think\\composer\\Plugin"
            },
            "autoload": {
                "psr-4": {
                    "think\\composer\\": "src"
                }
            },
            "notification-url": "https://packagist.org/downloads/",
            "license": [
                "Apache-2.0"
            ],
            "authors": [
                {
                    "name": "yunwuxin",
                    "email": "448901948@qq.com"
                }
            ],
            "time": "2018-05-11T06:45:42+00:00"
        }
    ],
    "packages-dev": [],
    "aliases": [],
    "minimum-stability": "stable",
    "stability-flags": [],
    "prefer-stable": false,
    "prefer-lowest": false,
    "platform": {
        "php": ">=5.6.0"
    },
    "platform-dev": []
}
